// !$*UTF8*$!
{
	archiveVersion = 1;
	classes = {
	};
	objectVersion = 56;
	objects = {

/* Begin PBXBuildFile section */
		CE90D10728817A09003E2E8D /* AsyncExperimentApp.swift in Sources */ = {isa = PBXBuildFile; fileRef = CE90D10628817A09003E2E8D /* AsyncExperimentApp.swift */; };
		CE90D10928817A09003E2E8D /* PostsList.swift in Sources */ = {isa = PBXBuildFile; fileRef = CE90D10828817A09003E2E8D /* PostsList.swift */; };
		CE90D10B28817A0B003E2E8D /* Assets.xcassets in Resources */ = {isa = PBXBuildFile; fileRef = CE90D10A28817A0B003E2E8D /* Assets.xcassets */; };
		CE90D10E28817A0B003E2E8D /* Preview Assets.xcassets in Resources */ = {isa = PBXBuildFile; fileRef = CE90D10D28817A0B003E2E8D /* Preview Assets.xcassets */; };
		CE90D11828817A0B003E2E8D /* AsyncExperimentTests.swift in Sources */ = {isa = PBXBuildFile; fileRef = CE90D11728817A0B003E2E8D /* AsyncExperimentTests.swift */; };
		CE90D12228817A0B003E2E8D /* AsyncExperimentUITests.swift in Sources */ = {isa = PBXBuildFile; fileRef = CE90D12128817A0B003E2E8D /* AsyncExperimentUITests.swift */; };
		CE90D12428817A0B003E2E8D /* AsyncExperimentUITestsLaunchTests.swift in Sources */ = {isa = PBXBuildFile; fileRef = CE90D12328817A0B003E2E8D /* AsyncExperimentUITestsLaunchTests.swift */; };
		CE90D13128817D4F003E2E8D /* JsonPlaceholderAPI.swift in Sources */ = {isa = PBXBuildFile; fileRef = CE90D13028817D4F003E2E8D /* JsonPlaceholderAPI.swift */; };
		CE90D13328817D94003E2E8D /* Post.swift in Sources */ = {isa = PBXBuildFile; fileRef = CE90D13228817D94003E2E8D /* Post.swift */; };
		CE90D13528817F56003E2E8D /* PostListViewModel.swift in Sources */ = {isa = PBXBuildFile; fileRef = CE90D13428817F56003E2E8D /* PostListViewModel.swift */; };
/* End PBXBuildFile section */

/* Begin PBXContainerItemProxy section */
		CE90D11428817A0B003E2E8D /* PBXContainerItemProxy */ = {
			isa = PBXContainerItemProxy;
			containerPortal = CE90D0FB28817A09003E2E8D /* Project object */;
			proxyType = 1;
			remoteGlobalIDString = CE90D10228817A09003E2E8D;
			remoteInfo = AsyncExperiment;
		};
		CE90D11E28817A0B003E2E8D /* PBXContainerItemProxy */ = {
			isa = PBXContainerItemProxy;
			containerPortal = CE90D0FB28817A09003E2E8D /* Project object */;
			proxyType = 1;
			remoteGlobalIDString = CE90D10228817A09003E2E8D;
			remoteInfo = AsyncExperiment;
		};
/* End PBXContainerItemProxy section */

/* Begin PBXFileReference section */
		CE90D10328817A09003E2E8D /* AsyncExperiment.app */ = {isa = PBXFileReference; explicitFileType = wrapper.application; includeInIndex = 0; path = AsyncExperiment.app; sourceTree = BUILT_PRODUCTS_DIR; };
		CE90D10628817A09003E2E8D /* AsyncExperimentApp.swift */ = {isa = PBXFileReference; lastKnownFileType = sourcecode.swift; path = AsyncExperimentApp.swift; sourceTree = "<group>"; };
		CE90D10828817A09003E2E8D /* PostsList.swift */ = {isa = PBXFileReference; lastKnownFileType = sourcecode.swift; path = PostsList.swift; sourceTree = "<group>"; };
		CE90D10A28817A0B003E2E8D /* Assets.xcassets */ = {isa = PBXFileReference; lastKnownFileType = folder.assetcatalog; path = Assets.xcassets; sourceTree = "<group>"; };
		CE90D10D28817A0B003E2E8D /* Preview Assets.xcassets */ = {isa = PBXFileReference; lastKnownFileType = folder.assetcatalog; path = "Preview Assets.xcassets"; sourceTree = "<group>"; };
		CE90D11328817A0B003E2E8D /* AsyncExperimentTests.xctest */ = {isa = PBXFileReference; explicitFileType = wrapper.cfbundle; includeInIndex = 0; path = AsyncExperimentTests.xctest; sourceTree = BUILT_PRODUCTS_DIR; };
		CE90D11728817A0B003E2E8D /* AsyncExperimentTests.swift */ = {isa = PBXFileReference; lastKnownFileType = sourcecode.swift; path = AsyncExperimentTests.swift; sourceTree = "<group>"; };
		CE90D11D28817A0B003E2E8D /* AsyncExperimentUITests.xctest */ = {isa = PBXFileReference; explicitFileType = wrapper.cfbundle; includeInIndex = 0; path = AsyncExperimentUITests.xctest; sourceTree = BUILT_PRODUCTS_DIR; };
		CE90D12128817A0B003E2E8D /* AsyncExperimentUITests.swift */ = {isa = PBXFileReference; lastKnownFileType = sourcecode.swift; path = AsyncExperimentUITests.swift; sourceTree = "<group>"; };
		CE90D12328817A0B003E2E8D /* AsyncExperimentUITestsLaunchTests.swift */ = {isa = PBXFileReference; lastKnownFileType = sourcecode.swift; path = AsyncExperimentUITestsLaunchTests.swift; sourceTree = "<group>"; };
		CE90D13028817D4F003E2E8D /* JsonPlaceholderAPI.swift */ = {isa = PBXFileReference; lastKnownFileType = sourcecode.swift; path = JsonPlaceholderAPI.swift; sourceTree = "<group>"; };
		CE90D13228817D94003E2E8D /* Post.swift */ = {isa = PBXFileReference; lastKnownFileType = sourcecode.swift; path = Post.swift; sourceTree = "<group>"; };
		CE90D13428817F56003E2E8D /* PostListViewModel.swift */ = {isa = PBXFileReference; lastKnownFileType = sourcecode.swift; path = PostListViewModel.swift; sourceTree = "<group>"; };
/* End PBXFileReference section */

/* Begin PBXFrameworksBuildPhase section */
		CE90D10028817A09003E2E8D /* Frameworks */ = {
			isa = PBXFrameworksBuildPhase;
			buildActionMask = 2147483647;
			files = (
			);
			runOnlyForDeploymentPostprocessing = 0;
		};
		CE90D11028817A0B003E2E8D /* Frameworks */ = {
			isa = PBXFrameworksBuildPhase;
			buildActionMask = 2147483647;
			files = (
			);
			runOnlyForDeploymentPostprocessing = 0;
		};
		CE90D11A28817A0B003E2E8D /* Frameworks */ = {
			isa = PBXFrameworksBuildPhase;
			buildActionMask = 2147483647;
			files = (
			);
			runOnlyForDeploymentPostprocessing = 0;
		};
/* End PBXFrameworksBuildPhase section */

/* Begin PBXGroup section */
		CE90D0FA28817A09003E2E8D = {
			isa = PBXGroup;
			children = (
				CE90D10528817A09003E2E8D /* AsyncExperiment */,
				CE90D11628817A0B003E2E8D /* AsyncExperimentTests */,
				CE90D12028817A0B003E2E8D /* AsyncExperimentUITests */,
				CE90D10428817A09003E2E8D /* Products */,
			);
			sourceTree = "<group>";
		};
		CE90D10428817A09003E2E8D /* Products */ = {
			isa = PBXGroup;
			children = (
				CE90D10328817A09003E2E8D /* AsyncExperiment.app */,
				CE90D11328817A0B003E2E8D /* AsyncExperimentTests.xctest */,
				CE90D11D28817A0B003E2E8D /* AsyncExperimentUITests.xctest */,
			);
			name = Products;
			sourceTree = "<group>";
		};
		CE90D10528817A09003E2E8D /* AsyncExperiment */ = {
			isa = PBXGroup;
			children = (
				CE90D10628817A09003E2E8D /* AsyncExperimentApp.swift */,
				CE90D13028817D4F003E2E8D /* JsonPlaceholderAPI.swift */,
				CE90D13228817D94003E2E8D /* Post.swift */,
				CE90D13428817F56003E2E8D /* PostListViewModel.swift */,
				CE90D10828817A09003E2E8D /* PostsList.swift */,
				CE90D10A28817A0B003E2E8D /* Assets.xcassets */,
				CE90D10C28817A0B003E2E8D /* Preview Content */,
			);
			path = AsyncExperiment;
			sourceTree = "<group>";
		};
		CE90D10C28817A0B003E2E8D /* Preview Content */ = {
			isa = PBXGroup;
			children = (
				CE90D10D28817A0B003E2E8D /* Preview Assets.xcassets */,
			);
			path = "Preview Content";
			sourceTree = "<group>";
		};
		CE90D11628817A0B003E2E8D /* AsyncExperimentTests */ = {
			isa = PBXGroup;
			children = (
				CE90D11728817A0B003E2E8D /* AsyncExperimentTests.swift */,
			);
			path = AsyncExperimentTests;
			sourceTree = "<group>";
		};
		CE90D12028817A0B003E2E8D /* AsyncExperimentUITests */ = {
			isa = PBXGroup;
			children = (
				CE90D12128817A0B003E2E8D /* AsyncExperimentUITests.swift */,
				CE90D12328817A0B003E2E8D /* AsyncExperimentUITestsLaunchTests.swift */,
			);
			path = AsyncExperimentUITests;
			sourceTree = "<group>";
		};
/* End PBXGroup section */

/* Begin PBXNativeTarget section */
		CE90D10228817A09003E2E8D /* AsyncExperiment */ = {
			isa = PBXNativeTarget;
			buildConfigurationList = CE90D12728817A0B003E2E8D /* Build configuration list for PBXNativeTarget "AsyncExperiment" */;
			buildPhases = (
				CE90D0FF28817A09003E2E8D /* Sources */,
				CE90D10028817A09003E2E8D /* Frameworks */,
				CE90D10128817A09003E2E8D /* Resources */,
			);
			buildRules = (
			);
			dependencies = (
			);
			name = AsyncExperiment;
			productName = AsyncExperiment;
			productReference = CE90D10328817A09003E2E8D /* AsyncExperiment.app */;
			productType = "com.apple.product-type.application";
		};
		CE90D11228817A0B003E2E8D /* AsyncExperimentTests */ = {
			isa = PBXNativeTarget;
			buildConfigurationList = CE90D12A28817A0B003E2E8D /* Build configuration list for PBXNativeTarget "AsyncExperimentTests" */;
			buildPhases = (
				CE90D10F28817A0B003E2E8D /* Sources */,
				CE90D11028817A0B003E2E8D /* Frameworks */,
				CE90D11128817A0B003E2E8D /* Resources */,
			);
			buildRules = (
			);
			dependencies = (
				CE90D11528817A0B003E2E8D /* PBXTargetDependency */,
			);
			name = AsyncExperimentTests;
			productName = AsyncExperimentTests;
			productReference = CE90D11328817A0B003E2E8D /* AsyncExperimentTests.xctest */;
			productType = "com.apple.product-type.bundle.unit-test";
		};
		CE90D11C28817A0B003E2E8D /* AsyncExperimentUITests */ = {
			isa = PBXNativeTarget;
			buildConfigurationList = CE90D12D28817A0B003E2E8D /* Build configuration list for PBXNativeTarget "AsyncExperimentUITests" */;
			buildPhases = (
				CE90D11928817A0B003E2E8D /* Sources */,
				CE90D11A28817A0B003E2E8D /* Frameworks */,
				CE90D11B28817A0B003E2E8D /* Resources */,
			);
			buildRules = (
			);
			dependencies = (
				CE90D11F28817A0B003E2E8D /* PBXTargetDependency */,
			);
			name = AsyncExperimentUITests;
			productName = AsyncExperimentUITests;
			productReference = CE90D11D28817A0B003E2E8D /* AsyncExperimentUITests.xctest */;
			productType = "com.apple.product-type.bundle.ui-testing";
		};
/* End PBXNativeTarget section */

/* Begin PBXProject section */
		CE90D0FB28817A09003E2E8D /* Project object */ = {
			isa = PBXProject;
			attributes = {
				BuildIndependentTargetsInParallel = 1;
				LastSwiftUpdateCheck = 1400;
				LastUpgradeCheck = 1400;
				TargetAttributes = {
					CE90D10228817A09003E2E8D = {
						CreatedOnToolsVersion = 14.0;
					};
					CE90D11228817A0B003E2E8D = {
						CreatedOnToolsVersion = 14.0;
						TestTargetID = CE90D10228817A09003E2E8D;
					};
					CE90D11C28817A0B003E2E8D = {
						CreatedOnToolsVersion = 14.0;
						TestTargetID = CE90D10228817A09003E2E8D;
					};
				};
			};
			buildConfigurationList = CE90D0FE28817A09003E2E8D /* Build configuration list for PBXProject "AsyncExperiment" */;
			compatibilityVersion = "Xcode 14.0";
			developmentRegion = en;
			hasScannedForEncodings = 0;
			knownRegions = (
				en,
				Base,
			);
			mainGroup = CE90D0FA28817A09003E2E8D;
			productRefGroup = CE90D10428817A09003E2E8D /* Products */;
			projectDirPath = "";
			projectRoot = "";
			targets = (
				CE90D10228817A09003E2E8D /* AsyncExperiment */,
				CE90D11228817A0B003E2E8D /* AsyncExperimentTests */,
				CE90D11C28817A0B003E2E8D /* AsyncExperimentUITests */,
			);
		};
/* End PBXProject section */

/* Begin PBXResourcesBuildPhase section */
		CE90D10128817A09003E2E8D /* Resources */ = {
			isa = PBXResourcesBuildPhase;
			buildActionMask = 2147483647;
			files = (
				CE90D10E28817A0B003E2E8D /* Preview Assets.xcassets in Resources */,
				CE90D10B28817A0B003E2E8D /* Assets.xcassets in Resources */,
			);
			runOnlyForDeploymentPostprocessing = 0;
		};
		CE90D11128817A0B003E2E8D /* Resources */ = {
			isa = PBXResourcesBuildPhase;
			buildActionMask = 2147483647;
			files = (
			);
			runOnlyForDeploymentPostprocessing = 0;
		};
		CE90D11B28817A0B003E2E8D /* Resources */ = {
			isa = PBXResourcesBuildPhase;
			buildActionMask = 2147483647;
			files = (
			);
			runOnlyForDeploymentPostprocessing = 0;
		};
/* End PBXResourcesBuildPhase section */

/* Begin PBXSourcesBuildPhase section */
		CE90D0FF28817A09003E2E8D /* Sources */ = {
			isa = PBXSourcesBuildPhase;
			buildActionMask = 2147483647;
			files = (
				CE90D13128817D4F003E2E8D /* JsonPlaceholderAPI.swift in Sources */,
				CE90D10928817A09003E2E8D /* PostsList.swift in Sources */,
				CE90D13528817F56003E2E8D /* PostListViewModel.swift in Sources */,
				CE90D10728817A09003E2E8D /* AsyncExperimentApp.swift in Sources */,
				CE90D13328817D94003E2E8D /* Post.swift in Sources */,
			);
			runOnlyForDeploymentPostprocessing = 0;
		};
		CE90D10F28817A0B003E2E8D /* Sources */ = {
			isa = PBXSourcesBuildPhase;
			buildActionMask = 2147483647;
			files = (
				CE90D11828817A0B003E2E8D /* AsyncExperimentTests.swift in Sources */,
			);
			runOnlyForDeploymentPostprocessing = 0;
		};
		CE90D11928817A0B003E2E8D /* Sources */ = {
			isa = PBXSourcesBuildPhase;
			buildActionMask = 2147483647;
			files = (
				CE90D12428817A0B003E2E8D /* AsyncExperimentUITestsLaunchTests.swift in Sources */,
				CE90D12228817A0B003E2E8D /* AsyncExperimentUITests.swift in Sources */,
			);
			runOnlyForDeploymentPostprocessing = 0;
		};
/* End PBXSourcesBuildPhase section */

/* Begin PBXTargetDependency section */
		CE90D11528817A0B003E2E8D /* PBXTargetDependency */ = {
			isa = PBXTargetDependency;
			target = CE90D10228817A09003E2E8D /* AsyncExperiment */;
			targetProxy = CE90D11428817A0B003E2E8D /* PBXContainerItemProxy */;
		};
		CE90D11F28817A0B003E2E8D /* PBXTargetDependency */ = {
			isa = PBXTargetDependency;
			target = CE90D10228817A09003E2E8D /* AsyncExperiment */;
			targetProxy = CE90D11E28817A0B003E2E8D /* PBXContainerItemProxy */;
		};
/* End PBXTargetDependency section */

/* Begin XCBuildConfiguration section */
		CE90D12528817A0B003E2E8D /* Debug */ = {
			isa = XCBuildConfiguration;
			buildSettings = {
				ALWAYS_SEARCH_USER_PATHS = NO;
				CLANG_ANALYZER_NONNULL = YES;
				CLANG_ANALYZER_NUMBER_OBJECT_CONVERSION = YES_AGGRESSIVE;
				CLANG_CXX_LANGUAGE_STANDARD = "gnu++20";
				CLANG_ENABLE_MODULES = YES;
				CLANG_ENABLE_OBJC_ARC = YES;
				CLANG_ENABLE_OBJC_WEAK = YES;
				CLANG_WARN_BLOCK_CAPTURE_AUTORELEASING = YES;
				CLANG_WARN_BOOL_CONVERSION = YES;
				CLANG_WARN_COMMA = YES;
				CLANG_WARN_CONSTANT_CONVERSION = YES;
				CLANG_WARN_DEPRECATED_OBJC_IMPLEMENTATIONS = YES;
				CLANG_WARN_DIRECT_OBJC_ISA_USAGE = YES_ERROR;
				CLANG_WARN_DOCUMENTATION_COMMENTS = YES;
				CLANG_WARN_EMPTY_BODY = YES;
				CLANG_WARN_ENUM_CONVERSION = YES;
				CLANG_WARN_INFINITE_RECURSION = YES;
				CLANG_WARN_INT_CONVERSION = YES;
				CLANG_WARN_NON_LITERAL_NULL_CONVERSION = YES;
				CLANG_WARN_OBJC_IMPLICIT_RETAIN_SELF = YES;
				CLANG_WARN_OBJC_LITERAL_CONVERSION = YES;
				CLANG_WARN_OBJC_ROOT_CLASS = YES_ERROR;
				CLANG_WARN_QUOTED_INCLUDE_IN_FRAMEWORK_HEADER = YES;
				CLANG_WARN_RANGE_LOOP_ANALYSIS = YES;
				CLANG_WARN_STRICT_PROTOTYPES = YES;
				CLANG_WARN_SUSPICIOUS_MOVE = YES;
				CLANG_WARN_UNGUARDED_AVAILABILITY = YES_AGGRESSIVE;
				CLANG_WARN_UNREACHABLE_CODE = YES;
				CLANG_WARN__DUPLICATE_METHOD_MATCH = YES;
				COPY_PHASE_STRIP = NO;
				DEBUG_INFORMATION_FORMAT = dwarf;
				ENABLE_STRICT_OBJC_MSGSEND = YES;
				ENABLE_TESTABILITY = YES;
				GCC_C_LANGUAGE_STANDARD = gnu11;
				GCC_DYNAMIC_NO_PIC = NO;
				GCC_NO_COMMON_BLOCKS = YES;
				GCC_OPTIMIZATION_LEVEL = 0;
				GCC_PREPROCESSOR_DEFINITIONS = (
					"DEBUG=1",
					"$(inherited)",
				);
				GCC_WARN_64_TO_32_BIT_CONVERSION = YES;
				GCC_WARN_ABOUT_RETURN_TYPE = YES_ERROR;
				GCC_WARN_UNDECLARED_SELECTOR = YES;
				GCC_WARN_UNINITIALIZED_AUTOS = YES_AGGRESSIVE;
				GCC_WARN_UNUSED_FUNCTION = YES;
				GCC_WARN_UNUSED_VARIABLE = YES;
				IPHONEOS_DEPLOYMENT_TARGET = 16.0;
				MTL_ENABLE_DEBUG_INFO = INCLUDE_SOURCE;
				MTL_FAST_MATH = YES;
				ONLY_ACTIVE_ARCH = YES;
				SDKROOT = iphoneos;
				SWIFT_ACTIVE_COMPILATION_CONDITIONS = DEBUG;
				SWIFT_OPTIMIZATION_LEVEL = "-Onone";
			};
			name = Debug;
		};
		CE90D12628817A0B003E2E8D /* Release */ = {
			isa = XCBuildConfiguration;
			buildSettings = {
				ALWAYS_SEARCH_USER_PATHS = NO;
				CLANG_ANALYZER_NONNULL = YES;
				CLANG_ANALYZER_NUMBER_OBJECT_CONVERSION = YES_AGGRESSIVE;
				CLANG_CXX_LANGUAGE_STANDARD = "gnu++20";
				CLANG_ENABLE_MODULES = YES;
				CLANG_ENABLE_OBJC_ARC = YES;
				CLANG_ENABLE_OBJC_WEAK = YES;
				CLANG_WARN_BLOCK_CAPTURE_AUTORELEASING = YES;
				CLANG_WARN_BOOL_CONVERSION = YES;
				CLANG_WARN_COMMA = YES;
				CLANG_WARN_CONSTANT_CONVERSION = YES;
				CLANG_WARN_DEPRECATED_OBJC_IMPLEMENTATIONS = YES;
				CLANG_WARN_DIRECT_OBJC_ISA_USAGE = YES_ERROR;
				CLANG_WARN_DOCUMENTATION_COMMENTS = YES;
				CLANG_WARN_EMPTY_BODY = YES;
				CLANG_WARN_ENUM_CONVERSION = YES;
				CLANG_WARN_INFINITE_RECURSION = YES;
				CLANG_WARN_INT_CONVERSION = YES;
				CLANG_WARN_NON_LITERAL_NULL_CONVERSION = YES;
				CLANG_WARN_OBJC_IMPLICIT_RETAIN_SELF = YES;
				CLANG_WARN_OBJC_LITERAL_CONVERSION = YES;
				CLANG_WARN_OBJC_ROOT_CLASS = YES_ERROR;
				CLANG_WARN_QUOTED_INCLUDE_IN_FRAMEWORK_HEADER = YES;
				CLANG_WARN_RANGE_LOOP_ANALYSIS = YES;
				CLANG_WARN_STRICT_PROTOTYPES = YES;
				CLANG_WARN_SUSPICIOUS_MOVE = YES;
				CLANG_WARN_UNGUARDED_AVAILABILITY = YES_AGGRESSIVE;
				CLANG_WARN_UNREACHABLE_CODE = YES;
				CLANG_WARN__DUPLICATE_METHOD_MATCH = YES;
				COPY_PHASE_STRIP = NO;
				DEBUG_INFORMATION_FORMAT = "dwarf-with-dsym";
				ENABLE_NS_ASSERTIONS = NO;
				ENABLE_STRICT_OBJC_MSGSEND = YES;
				GCC_C_LANGUAGE_STANDARD = gnu11;
				GCC_NO_COMMON_BLOCKS = YES;
				GCC_WARN_64_TO_32_BIT_CONVERSION = YES;
				GCC_WARN_ABOUT_RETURN_TYPE = YES_ERROR;
				GCC_WARN_UNDECLARED_SELECTOR = YES;
				GCC_WARN_UNINITIALIZED_AUTOS = YES_AGGRESSIVE;
				GCC_WARN_UNUSED_FUNCTION = YES;
				GCC_WARN_UNUSED_VARIABLE = YES;
				IPHONEOS_DEPLOYMENT_TARGET = 16.0;
				MTL_ENABLE_DEBUG_INFO = NO;
				MTL_FAST_MATH = YES;
				SDKROOT = iphoneos;
				SWIFT_COMPILATION_MODE = wholemodule;
				SWIFT_OPTIMIZATION_LEVEL = "-O";
				VALIDATE_PRODUCT = YES;
			};
			name = Release;
		};
		CE90D12828817A0B003E2E8D /* Debug */ = {
			isa = XCBuildConfiguration;
			buildSettings = {
				ASSETCATALOG_COMPILER_APPICON_NAME = AppIcon;
				ASSETCATALOG_COMPILER_GLOBAL_ACCENT_COLOR_NAME = AccentColor;
				CODE_SIGN_STYLE = Automatic;
				CURRENT_PROJECT_VERSION = 1;
				DEVELOPMENT_ASSET_PATHS = "\"AsyncExperiment/Preview Content\"";
				DEVELOPMENT_TEAM = 84MPEV8978;
				ENABLE_PREVIEWS = YES;
				GENERATE_INFOPLIST_FILE = YES;
				INFOPLIST_KEY_UIApplicationSceneManifest_Generation = YES;
				INFOPLIST_KEY_UIApplicationSupportsIndirectInputEvents = YES;
				INFOPLIST_KEY_UILaunchScreen_Generation = YES;
				INFOPLIST_KEY_UISupportedInterfaceOrientations_iPad = "UIInterfaceOrientationPortrait UIInterfaceOrientationPortraitUpsideDown UIInterfaceOrientationLandscapeLeft UIInterfaceOrientationLandscapeRight";
				INFOPLIST_KEY_UISupportedInterfaceOrientations_iPhone = "UIInterfaceOrientationPortrait UIInterfaceOrientationLandscapeLeft UIInterfaceOrientationLandscapeRight";
				LD_RUNPATH_SEARCH_PATHS = (
					"$(inherited)",
					"@executable_path/Frameworks",
				);
				MARKETING_VERSION = 1.0;
				PRODUCT_BUNDLE_IDENTIFIER = com.mikebaldwin.AsyncExperiment;
				PRODUCT_NAME = "$(TARGET_NAME)";
				SWIFT_EMIT_LOC_STRINGS = YES;
				SWIFT_VERSION = 5.0;
				TARGETED_DEVICE_FAMILY = "1,2";
			};
			name = Debug;
		};
		CE90D12928817A0B003E2E8D /* Release */ = {
			isa = XCBuildConfiguration;
			buildSettings = {
				ASSETCATALOG_COMPILER_APPICON_NAME = AppIcon;
				ASSETCATALOG_COMPILER_GLOBAL_ACCENT_COLOR_NAME = AccentColor;
				CODE_SIGN_STYLE = Automatic;
				CURRENT_PROJECT_VERSION = 1;
				DEVELOPMENT_ASSET_PATHS = "\"AsyncExperiment/Preview Content\"";
				DEVELOPMENT_TEAM = 84MPEV8978;
				ENABLE_PREVIEWS = YES;
				GENERATE_INFOPLIST_FILE = YES;
				INFOPLIST_KEY_UIApplicationSceneManifest_Generation = YES;
				INFOPLIST_KEY_UIApplicationSupportsIndirectInputEvents = YES;
				INFOPLIST_KEY_UILaunchScreen_Generation = YES;
				INFOPLIST_KEY_UISupportedInterfaceOrientations_iPad = "UIInterfaceOrientationPortrait UIInterfaceOrientationPortraitUpsideDown UIInterfaceOrientationLandscapeLeft UIInterfaceOrientationLandscapeRight";
				INFOPLIST_KEY_UISupportedInterfaceOrientations_iPhone = "UIInterfaceOrientationPortrait UIInterfaceOrientationLandscapeLeft UIInterfaceOrientationLandscapeRight";
				LD_RUNPATH_SEARCH_PATHS = (
					"$(inherited)",
					"@executable_path/Frameworks",
				);
				MARKETING_VERSION = 1.0;
				PRODUCT_BUNDLE_IDENTIFIER = com.mikebaldwin.AsyncExperiment;
				PRODUCT_NAME = "$(TARGET_NAME)";
				SWIFT_EMIT_LOC_STRINGS = YES;
				SWIFT_VERSION = 5.0;
				TARGETED_DEVICE_FAMILY = "1,2";
			};
			name = Release;
		};
		CE90D12B28817A0B003E2E8D /* Debug */ = {
			isa = XCBuildConfiguration;
			buildSettings = {
				ALWAYS_EMBED_SWIFT_STANDARD_LIBRARIES = YES;
				BUNDLE_LOADER = "$(TEST_HOST)";
				CODE_SIGN_STYLE = Automatic;
				CURRENT_PROJECT_VERSION = 1;
				DEVELOPMENT_TEAM = 84MPEV8978;
				GENERATE_INFOPLIST_FILE = YES;
				IPHONEOS_DEPLOYMENT_TARGET = 16.0;
				MARKETING_VERSION = 1.0;
				PRODUCT_BUNDLE_IDENTIFIER = com.mikebaldwin.AsyncExperimentTests;
				PRODUCT_NAME = "$(TARGET_NAME)";
				SWIFT_EMIT_LOC_STRINGS = NO;
				SWIFT_VERSION = 5.0;
				TARGETED_DEVICE_FAMILY = "1,2";
				TEST_HOST = "$(BUILT_PRODUCTS_DIR)/AsyncExperiment.app/$(BUNDLE_EXECUTABLE_FOLDER_PATH)/AsyncExperiment";
			};
			name = Debug;
		};
		CE90D12C28817A0B003E2E8D /* Release */ = {
			isa = XCBuildConfiguration;
			buildSettings = {
				ALWAYS_EMBED_SWIFT_STANDARD_LIBRARIES = YES;
				BUNDLE_LOADER = "$(TEST_HOST)";
				CODE_SIGN_STYLE = Automatic;
				CURRENT_PROJECT_VERSION = 1;
				DEVELOPMENT_TEAM = 84MPEV8978;
				GENERATE_INFOPLIST_FILE = YES;
				IPHONEOS_DEPLOYMENT_TARGET = 16.0;
				MARKETING_VERSION = 1.0;
				PRODUCT_BUNDLE_IDENTIFIER = com.mikebaldwin.AsyncExperimentTests;
				PRODUCT_NAME = "$(TARGET_NAME)";
				SWIFT_EMIT_LOC_STRINGS = NO;
				SWIFT_VERSION = 5.0;
				TARGETED_DEVICE_FAMILY = "1,2";
				TEST_HOST = "$(BUILT_PRODUCTS_DIR)/AsyncExperiment.app/$(BUNDLE_EXECUTABLE_FOLDER_PATH)/AsyncExperiment";
			};
			name = Release;
		};
		CE90D12E28817A0B003E2E8D /* Debug */ = {
			isa = XCBuildConfiguration;
			buildSettings = {
				ALWAYS_EMBED_SWIFT_STANDARD_LIBRARIES = YES;
				CODE_SIGN_STYLE = Automatic;
				CURRENT_PROJECT_VERSION = 1;
				DEVELOPMENT_TEAM = 84MPEV8978;
				GENERATE_INFOPLIST_FILE = YES;
				MARKETING_VERSION = 1.0;
				PRODUCT_BUNDLE_IDENTIFIER = com.mikebaldwin.AsyncExperimentUITests;
				PRODUCT_NAME = "$(TARGET_NAME)";
				SWIFT_EMIT_LOC_STRINGS = NO;
				SWIFT_VERSION = 5.0;
				TARGETED_DEVICE_FAMILY = "1,2";
				TEST_TARGET_NAME = AsyncExperiment;
			};
			name = Debug;
		};
		CE90D12F28817A0B003E2E8D /* Release */ = {
			isa = XCBuildConfiguration;
			buildSettings = {
				ALWAYS_EMBED_SWIFT_STANDARD_LIBRARIES = YES;
				CODE_SIGN_STYLE = Automatic;
				CURRENT_PROJECT_VERSION = 1;
				DEVELOPMENT_TEAM = 84MPEV8978;
				GENERATE_INFOPLIST_FILE = YES;
				MARKETING_VERSION = 1.0;
				PRODUCT_BUNDLE_IDENTIFIER = com.mikebaldwin.AsyncExperimentUITests;
				PRODUCT_NAME = "$(TARGET_NAME)";
				SWIFT_EMIT_LOC_STRINGS = NO;
				SWIFT_VERSION = 5.0;
				TARGETED_DEVICE_FAMILY = "1,2";
				TEST_TARGET_NAME = AsyncExperiment;
			};
			name = Release;
		};
/* End XCBuildConfiguration section */

/* Begin XCConfigurationList section */
		CE90D0FE28817A09003E2E8D /* Build configuration list for PBXProject "AsyncExperiment" */ = {
			isa = XCConfigurationList;
			buildConfigurations = (
				CE90D12528817A0B003E2E8D /* Debug */,
				CE90D12628817A0B003E2E8D /* Release */,
			);
			defaultConfigurationIsVisible = 0;
			defaultConfigurationName = Release;
		};
		CE90D12728817A0B003E2E8D /* Build configuration list for PBXNativeTarget "AsyncExperiment" */ = {
			isa = XCConfigurationList;
			buildConfigurations = (
				CE90D12828817A0B003E2E8D /* Debug */,
				CE90D12928817A0B003E2E8D /* Release */,
			);
			defaultConfigurationIsVisible = 0;
			defaultConfigurationName = Release;
		};
		CE90D12A28817A0B003E2E8D /* Build configuration list for PBXNativeTarget "AsyncExperimentTests" */ = {
			isa = XCConfigurationList;
			buildConfigurations = (
				CE90D12B28817A0B003E2E8D /* Debug */,
				CE90D12C28817A0B003E2E8D /* Release */,
			);
			defaultConfigurationIsVisible = 0;
			defaultConfigurationName = Release;
		};
		CE90D12D28817A0B003E2E8D /* Build configuration list for PBXNativeTarget "AsyncExperimentUITests" */ = {
			isa = XCConfigurationList;
			buildConfigurations = (
				CE90D12E28817A0B003E2E8D /* Debug */,
				CE90D12F28817A0B003E2E8D /* Release */,
			);
			defaultConfigurationIsVisible = 0;
			defaultConfigurationName = Release;
		};
/* End XCConfigurationList section */
	};
	rootObject = CE90D0FB28817A09003E2E8D /* Project object */;
}
